
Microsoft Visual Studio Solution File, Format Version 12.00
# Visual Studio 14
VisualStudioVersion = 14.0.24720.0
MinimumVisualStudioVersion = 10.0.40219.1
Project("{FAE04EC0-301F-11D3-BF4B-00C04F79EFBC}") = "MeliMelo", "MeliMelo\MeliMelo.csproj", "{933B26DB-2F70-4DA3-B7B3-4620B07EFD60}"
	ProjectSection(ProjectDependencies) = postProject
		{ACD22CF3-05B8-4B40-A6C9-8A0518390C52} = {ACD22CF3-05B8-4B40-A6C9-8A0518390C52}
	EndProjectSection
EndProject
Project("{FAE04EC0-301F-11D3-BF4B-00C04F79EFBC}") = "MeliMelo.Core", "MeliMeloCore\MeliMelo.Core.csproj", "{B8444D7B-AD55-41F4-80E3-0766143969F0}"
EndProject
Project("{FAE04EC0-301F-11D3-BF4B-00C04F79EFBC}") = "MeliMelo.Utils", "MeliMelo.Utils\MeliMelo.Utils.csproj", "{17809043-793E-48E2-97A1-C3637774DEF8}"
EndProject
Project("{FAE04EC0-301F-11D3-BF4B-00C04F79EFBC}") = "MeliMelo.Screen", "MeliMelo.Screen\MeliMelo.Screen.csproj", "{1E4455C2-8ED1-4473-8E29-10C4617B91B7}"
EndProject
Project("{FAE04EC0-301F-11D3-BF4B-00C04F79EFBC}") = "MeliMelo.iTunes", "MeliMelo.iTunes\MeliMelo.iTunes.csproj", "{A7312694-DD76-498A-8C3B-781A94BC19B7}"
EndProject
Project("{8BC9CEB8-8B4A-11D0-8D11-00A0C91BC942}") = "MeliMelo.Screen.Native", "MeliMelo.Screen.Native\MeliMelo.Screen.Native.vcxproj", "{ACD22CF3-05B8-4B40-A6C9-8A0518390C52}"
EndProject
Project("{8BC9CEB8-8B4A-11D0-8D11-00A0C91BC942}") = "MeliMelo.Install", "MeliMelo.Install\MeliMelo.Install.vcxproj", "{6FB01845-DB31-4337-A734-8814D9446992}"
EndProject
Project("{FAE04EC0-301F-11D3-BF4B-00C04F79EFBC}") = "MeliMelo.Animes", "MeliMelo.Animes\MeliMelo.Animes.csproj", "{70FFD340-CCA3-433A-B810-C51BE162A78C}"
EndProject
Project("{8BC9CEB8-8B4A-11D0-8D11-00A0C91BC942}") = "MeliMelo.Animes.Native", "MeliMelo.Animes.Native\MeliMelo.Animes.Native.vcxproj", "{7560AB90-F7DB-44EC-9D4D-96E988C816F5}"
EndProject
Project("{FAE04EC0-301F-11D3-BF4B-00C04F79EFBC}") = "MeliMelo.Mangas", "MeliMelo.Mangas\MeliMelo.Mangas.csproj", "{AB280862-B696-4288-AF70-588EF9A74002}"
EndProject
Global
	GlobalSection(SolutionConfigurationPlatforms) = preSolution
		Debug|Any CPU = Debug|Any CPU
		Debug|x64 = Debug|x64
		Debug|x86 = Debug|x86
		Release|Any CPU = Release|Any CPU
		Release|x64 = Release|x64
		Release|x86 = Release|x86
	EndGlobalSection
	GlobalSection(ProjectConfigurationPlatforms) = postSolution
		{933B26DB-2F70-4DA3-B7B3-4620B07EFD60}.Debug|Any CPU.ActiveCfg = Debug|x86
		{933B26DB-2F70-4DA3-B7B3-4620B07EFD60}.Debug|Any CPU.Build.0 = Debug|x86
		{933B26DB-2F70-4DA3-B7B3-4620B07EFD60}.Debug|x64.ActiveCfg = Debug|x64
		{933B26DB-2F70-4DA3-B7B3-4620B07EFD60}.Debug|x64.Build.0 = Debug|x64
		{933B26DB-2F70-4DA3-B7B3-4620B07EFD60}.Debug|x86.ActiveCfg = Debug|x86
		{933B26DB-2F70-4DA3-B7B3-4620B07EFD60}.Debug|x86.Build.0 = Debug|x86
		{933B26DB-2F70-4DA3-B7B3-4620B07EFD60}.Release|Any CPU.ActiveCfg = Release|x86
		{933B26DB-2F70-4DA3-B7B3-4620B07EFD60}.Release|Any CPU.Build.0 = Release|x86
		{933B26DB-2F70-4DA3-B7B3-4620B07EFD60}.Release|x64.ActiveCfg = Release|x64
		{933B26DB-2F70-4DA3-B7B3-4620B07EFD60}.Release|x64.Build.0 = Release|x64
		{933B26DB-2F70-4DA3-B7B3-4620B07EFD60}.Release|x86.ActiveCfg = Release|x86
		{933B26DB-2F70-4DA3-B7B3-4620B07EFD60}.Release|x86.Build.0 = Release|x86
		{B8444D7B-AD55-41F4-80E3-0766143969F0}.Debug|Any CPU.ActiveCfg = Debug|x86
		{B8444D7B-AD55-41F4-80E3-0766143969F0}.Debug|Any CPU.Build.0 = Debug|x86
		{B8444D7B-AD55-41F4-80E3-0766143969F0}.Debug|x64.ActiveCfg = Debug|x64
		{B8444D7B-AD55-41F4-80E3-0766143969F0}.Debug|x64.Build.0 = Debug|x64
		{B8444D7B-AD55-41F4-80E3-0766143969F0}.Debug|x86.ActiveCfg = Debug|x86
		{B8444D7B-AD55-41F4-80E3-0766143969F0}.Debug|x86.Build.0 = Debug|x86
		{B8444D7B-AD55-41F4-80E3-0766143969F0}.Release|Any CPU.ActiveCfg = Release|x86
		{B8444D7B-AD55-41F4-80E3-0766143969F0}.Release|Any CPU.Build.0 = Release|x86
		{B8444D7B-AD55-41F4-80E3-0766143969F0}.Release|x64.ActiveCfg = Release|x64
		{B8444D7B-AD55-41F4-80E3-0766143969F0}.Release|x64.Build.0 = Release|x64
		{B8444D7B-AD55-41F4-80E3-0766143969F0}.Release|x86.ActiveCfg = Release|x86
		{B8444D7B-AD55-41F4-80E3-0766143969F0}.Release|x86.Build.0 = Release|x86
		{17809043-793E-48E2-97A1-C3637774DEF8}.Debug|Any CPU.ActiveCfg = Debug|x86
		{17809043-793E-48E2-97A1-C3637774DEF8}.Debug|Any CPU.Build.0 = Debug|x86
		{17809043-793E-48E2-97A1-C3637774DEF8}.Debug|x64.ActiveCfg = Debug|x64
		{17809043-793E-48E2-97A1-C3637774DEF8}.Debug|x64.Build.0 = Debug|x64
		{17809043-793E-48E2-97A1-C3637774DEF8}.Debug|x86.ActiveCfg = Debug|x86
		{17809043-793E-48E2-97A1-C3637774DEF8}.Debug|x86.Build.0 = Debug|x86
		{17809043-793E-48E2-97A1-C3637774DEF8}.Release|Any CPU.ActiveCfg = Release|x86
		{17809043-793E-48E2-97A1-C3637774DEF8}.Release|Any CPU.Build.0 = Release|x86
		{17809043-793E-48E2-97A1-C3637774DEF8}.Release|x64.ActiveCfg = Release|x64
		{17809043-793E-48E2-97A1-C3637774DEF8}.Release|x64.Build.0 = Release|x64
		{17809043-793E-48E2-97A1-C3637774DEF8}.Release|x86.ActiveCfg = Release|x86
		{17809043-793E-48E2-97A1-C3637774DEF8}.Release|x86.Build.0 = Release|x86
		{1E4455C2-8ED1-4473-8E29-10C4617B91B7}.Debug|Any CPU.ActiveCfg = Debug|x86
		{1E4455C2-8ED1-4473-8E29-10C4617B91B7}.Debug|Any CPU.Build.0 = Debug|x86
		{1E4455C2-8ED1-4473-8E29-10C4617B91B7}.Debug|x64.ActiveCfg = Debug|x64
		{1E4455C2-8ED1-4473-8E29-10C4617B91B7}.Debug|x64.Build.0 = Debug|x64
		{1E4455C2-8ED1-4473-8E29-10C4617B91B7}.Debug|x86.ActiveCfg = Debug|x86
		{1E4455C2-8ED1-4473-8E29-10C4617B91B7}.Debug|x86.Build.0 = Debug|x86
		{1E4455C2-8ED1-4473-8E29-10C4617B91B7}.Release|Any CPU.ActiveCfg = Release|x86
		{1E4455C2-8ED1-4473-8E29-10C4617B91B7}.Release|Any CPU.Build.0 = Release|x86
		{1E4455C2-8ED1-4473-8E29-10C4617B91B7}.Release|x64.ActiveCfg = Release|x64
		{1E4455C2-8ED1-4473-8E29-10C4617B91B7}.Release|x64.Build.0 = Release|x64
		{1E4455C2-8ED1-4473-8E29-10C4617B91B7}.Release|x86.ActiveCfg = Release|x86
		{1E4455C2-8ED1-4473-8E29-10C4617B91B7}.Release|x86.Build.0 = Release|x86
		{A7312694-DD76-498A-8C3B-781A94BC19B7}.Debug|Any CPU.ActiveCfg = Debug|x86
		{A7312694-DD76-498A-8C3B-781A94BC19B7}.Debug|Any CPU.Build.0 = Debug|x86
		{A7312694-DD76-498A-8C3B-781A94BC19B7}.Debug|x64.ActiveCfg = Debug|x64
		{A7312694-DD76-498A-8C3B-781A94BC19B7}.Debug|x64.Build.0 = Debug|x64
		{A7312694-DD76-498A-8C3B-781A94BC19B7}.Debug|x86.ActiveCfg = Debug|x86
		{A7312694-DD76-498A-8C3B-781A94BC19B7}.Debug|x86.Build.0 = Debug|x86
		{A7312694-DD76-498A-8C3B-781A94BC19B7}.Release|Any CPU.ActiveCfg = Release|x86
		{A7312694-DD76-498A-8C3B-781A94BC19B7}.Release|Any CPU.Build.0 = Release|x86
		{A7312694-DD76-498A-8C3B-781A94BC19B7}.Release|x64.ActiveCfg = Release|x64
		{A7312694-DD76-498A-8C3B-781A94BC19B7}.Release|x64.Build.0 = Release|x64
		{A7312694-DD76-498A-8C3B-781A94BC19B7}.Release|x86.ActiveCfg = Release|x86
		{A7312694-DD76-498A-8C3B-781A94BC19B7}.Release|x86.Build.0 = Release|x86
		{ACD22CF3-05B8-4B40-A6C9-8A0518390C52}.Debug|Any CPU.ActiveCfg = Debug|Win32
		{ACD22CF3-05B8-4B40-A6C9-8A0518390C52}.Debug|Any CPU.Build.0 = Debug|Win32
		{ACD22CF3-05B8-4B40-A6C9-8A0518390C52}.Debug|x64.ActiveCfg = Debug|x64
		{ACD22CF3-05B8-4B40-A6C9-8A0518390C52}.Debug|x64.Build.0 = Debug|x64
		{ACD22CF3-05B8-4B40-A6C9-8A0518390C52}.Debug|x86.ActiveCfg = Debug|Win32
		{ACD22CF3-05B8-4B40-A6C9-8A0518390C52}.Debug|x86.Build.0 = Debug|Win32
		{ACD22CF3-05B8-4B40-A6C9-8A0518390C52}.Release|Any CPU.ActiveCfg = Release|Win32
		{ACD22CF3-05B8-4B40-A6C9-8A0518390C52}.Release|Any CPU.Build.0 = Release|Win32
		{ACD22CF3-05B8-4B40-A6C9-8A0518390C52}.Release|x64.ActiveCfg = Release|x64
		{ACD22CF3-05B8-4B40-A6C9-8A0518390C52}.Release|x64.Build.0 = Release|x64
		{ACD22CF3-05B8-4B40-A6C9-8A0518390C52}.Release|x86.ActiveCfg = Release|Win32
		{ACD22CF3-05B8-4B40-A6C9-8A0518390C52}.Release|x86.Build.0 = Release|Win32
		{6FB01845-DB31-4337-A734-8814D9446992}.Debug|Any CPU.ActiveCfg = Debug|Win32
		{6FB01845-DB31-4337-A734-8814D9446992}.Debug|x64.ActiveCfg = Debug|x64
		{6FB01845-DB31-4337-A734-8814D9446992}.Debug|x86.ActiveCfg = Debug|Win32
		{6FB01845-DB31-4337-A734-8814D9446992}.Release|Any CPU.ActiveCfg = Release|Win32
		{6FB01845-DB31-4337-A734-8814D9446992}.Release|x64.ActiveCfg = Release|x64
		{6FB01845-DB31-4337-A734-8814D9446992}.Release|x86.ActiveCfg = Release|Win32
		{70FFD340-CCA3-433A-B810-C51BE162A78C}.Debug|Any CPU.ActiveCfg = Debug|x86
		{70FFD340-CCA3-433A-B810-C51BE162A78C}.Debug|Any CPU.Build.0 = Debug|x86
		{70FFD340-CCA3-433A-B810-C51BE162A78C}.Debug|x64.ActiveCfg = Debug|x64
		{70FFD340-CCA3-433A-B810-C51BE162A78C}.Debug|x64.Build.0 = Debug|x64
		{70FFD340-CCA3-433A-B810-C51BE162A78C}.Debug|x86.ActiveCfg = Debug|x86
		{70FFD340-CCA3-433A-B810-C51BE162A78C}.Debug|x86.Build.0 = Debug|x86
		{70FFD340-CCA3-433A-B810-C51BE162A78C}.Release|Any CPU.ActiveCfg = Release|x86
		{70FFD340-CCA3-433A-B810-C51BE162A78C}.Release|Any CPU.Build.0 = Release|x86
		{70FFD340-CCA3-433A-B810-C51BE162A78C}.Release|x64.ActiveCfg = Release|x64
		{70FFD340-CCA3-433A-B810-C51BE162A78C}.Release|x64.Build.0 = Release|x64
		{70FFD340-CCA3-433A-B810-C51BE162A78C}.Release|x86.ActiveCfg = Release|x86
		{70FFD340-CCA3-433A-B810-C51BE162A78C}.Release|x86.Build.0 = Release|x86
		{7560AB90-F7DB-44EC-9D4D-96E988C816F5}.Debug|Any CPU.ActiveCfg = Debug|Win32
		{7560AB90-F7DB-44EC-9D4D-96E988C816F5}.Debug|Any CPU.Build.0 = Debug|Win32
		{7560AB90-F7DB-44EC-9D4D-96E988C816F5}.Debug|x64.ActiveCfg = Debug|x64
		{7560AB90-F7DB-44EC-9D4D-96E988C816F5}.Debug|x64.Build.0 = Debug|x64
		{7560AB90-F7DB-44EC-9D4D-96E988C816F5}.Debug|x86.ActiveCfg = Debug|Win32
		{7560AB90-F7DB-44EC-9D4D-96E988C816F5}.Debug|x86.Build.0 = Debug|Win32
		{7560AB90-F7DB-44EC-9D4D-96E988C816F5}.Release|Any CPU.ActiveCfg = Release|Win32
		{7560AB90-F7DB-44EC-9D4D-96E988C816F5}.Release|Any CPU.Build.0 = Release|Win32
		{7560AB90-F7DB-44EC-9D4D-96E988C816F5}.Release|x64.ActiveCfg = Release|x64
		{7560AB90-F7DB-44EC-9D4D-96E988C816F5}.Release|x64.Build.0 = Release|x64
		{7560AB90-F7DB-44EC-9D4D-96E988C816F5}.Release|x86.ActiveCfg = Release|Win32
		{7560AB90-F7DB-44EC-9D4D-96E988C816F5}.Release|x86.Build.0 = Release|Win32
		{AB280862-B696-4288-AF70-588EF9A74002}.Debug|Any CPU.ActiveCfg = Debug|x86
		{AB280862-B696-4288-AF70-588EF9A74002}.Debug|Any CPU.Build.0 = Debug|x86
		{AB280862-B696-4288-AF70-588EF9A74002}.Debug|x64.ActiveCfg = Debug|x64
		{AB280862-B696-4288-AF70-588EF9A74002}.Debug|x64.Build.0 = Debug|x64
		{AB280862-B696-4288-AF70-588EF9A74002}.Debug|x86.ActiveCfg = Debug|x86
		{AB280862-B696-4288-AF70-588EF9A74002}.Debug|x86.Build.0 = Debug|x86
		{AB280862-B696-4288-AF70-588EF9A74002}.Release|Any CPU.ActiveCfg = Release|x86
		{AB280862-B696-4288-AF70-588EF9A74002}.Release|Any CPU.Build.0 = Release|x86
		{AB280862-B696-4288-AF70-588EF9A74002}.Release|x64.ActiveCfg = Release|x64
		{AB280862-B696-4288-AF70-588EF9A74002}.Release|x64.Build.0 = Release|x64
		{AB280862-B696-4288-AF70-588EF9A74002}.Release|x86.ActiveCfg = Release|x86
		{AB280862-B696-4288-AF70-588EF9A74002}.Release|x86.Build.0 = Release|x86
	EndGlobalSection
	GlobalSection(SolutionProperties) = preSolution
		HideSolutionNode = FALSE
	EndGlobalSection
EndGlobal
