<?xml version="1.0" encoding="utf-8"?>
<Project ToolsVersion="4.0" xmlns="http://schemas.microsoft.com/developer/msbuild/2003">
  <ItemGroup>
    <Filter Include="src">
      <UniqueIdentifier>{30599436-8fd0-465d-a012-7161fe7ab954}</UniqueIdentifier>
    </Filter>
    <Filter Include="src\Warmer">
      <UniqueIdentifier>{4ab5cdb9-deb0-4299-91b6-282bc4310f34}</UniqueIdentifier>
    </Filter>
    <Filter Include="res">
      <UniqueIdentifier>{46fd0718-7643-4cbe-a808-5eb75b058f08}</UniqueIdentifier>
    </Filter>
  </ItemGroup>
  <ItemGroup>
    <ClCompile Include="src\Warmer\Screen.cc">
      <Filter>src\Warmer</Filter>
    </ClCompile>
    <ClCompile Include="src\main.cc">
      <Filter>src</Filter>
    </ClCompile>
    <ClCompile Include="src\Warmer\Utils.cc">
      <Filter>src\Warmer</Filter>
    </ClCompile>
    <ClCompile Include="src\Warmer\Window.cc">
      <Filter>src\Warmer</Filter>
    </ClCompile>
  </ItemGroup>
  <ItemGroup>
    <ClInclude Include="src\Warmer\Screen.h">
      <Filter>src\Warmer</Filter>
    </ClInclude>
    <ClInclude Include="src\Warmer\Utils.h">
      <Filter>src\Warmer</Filter>
    </ClInclude>
    <ClInclude Include="src\Warmer\Window.h">
      <Filter>src\Warmer</Filter>
    </ClInclude>
    <ClInclude Include="resource.h">
      <Filter>src</Filter>
    </ClInclude>
  </ItemGroup>
  <ItemGroup>
    <Xml Include="res\Configuration.xml">
      <Filter>res</Filter>
    </Xml>
  </ItemGroup>
  <ItemGroup>
    <Image Include="res\icon.ico">
      <Filter>res</Filter>
    </Image>
  </ItemGroup>
  <ItemGroup>
    <ResourceCompile Include="WarmerNative.rc">
      <Filter>res</Filter>
    </ResourceCompile>
  </ItemGroup>
</Project>